
Microsoft Visual Studio Solution File, Format Version 12.00
# Visual Studio Version 17
VisualStudioVersion = 17.0.32112.339
MinimumVisualStudioVersion = 10.0.40219.1
Project("{9A19103F-16F7-4668-BE54-9A1E7A4F7556}") = "APIProject", "APIProject\APIProject.csproj", "{F5E904D8-BEB2-4CCB-8639-AC9F2E1B2B53}"
EndProject
Project("{9A19103F-16F7-4668-BE54-9A1E7A4F7556}") = "WebApp", "WebApp\WebApp.csproj", "{FF3A50C5-B60E-4A55-A1AE-5C23092403E3}"
EndProject
Project("{E53339B2-1760-4266-BCC7-CA923CBCF16C}") = "docker-compose", "docker-compose.dcproj", "{38D1BE81-42B3-4C5B-8075-5DB6746F34B8}"
EndProject
Global
	GlobalSection(SolutionConfigurationPlatforms) = preSolution
		Debug|Any CPU = Debug|Any CPU
		Release|Any CPU = Release|Any CPU
	EndGlobalSection
	GlobalSection(ProjectConfigurationPlatforms) = postSolution
		{F5E904D8-BEB2-4CCB-8639-AC9F2E1B2B53}.Debug|Any CPU.ActiveCfg = Debug|Any CPU
		{F5E904D8-BEB2-4CCB-8639-AC9F2E1B2B53}.Debug|Any CPU.Build.0 = Debug|Any CPU
		{F5E904D8-BEB2-4CCB-8639-AC9F2E1B2B53}.Release|Any CPU.ActiveCfg = Release|Any CPU
		{F5E904D8-BEB2-4CCB-8639-AC9F2E1B2B53}.Release|Any CPU.Build.0 = Release|Any CPU
		{FF3A50C5-B60E-4A55-A1AE-5C23092403E3}.Debug|Any CPU.ActiveCfg = Debug|Any CPU
		{FF3A50C5-B60E-4A55-A1AE-5C23092403E3}.Debug|Any CPU.Build.0 = Debug|Any CPU
		{FF3A50C5-B60E-4A55-A1AE-5C23092403E3}.Release|Any CPU.ActiveCfg = Release|Any CPU
		{FF3A50C5-B60E-4A55-A1AE-5C23092403E3}.Release|Any CPU.Build.0 = Release|Any CPU
		{38D1BE81-42B3-4C5B-8075-5DB6746F34B8}.Debug|Any CPU.ActiveCfg = Debug|Any CPU
		{38D1BE81-42B3-4C5B-8075-5DB6746F34B8}.Debug|Any CPU.Build.0 = Debug|Any CPU
		{38D1BE81-42B3-4C5B-8075-5DB6746F34B8}.Release|Any CPU.ActiveCfg = Release|Any CPU
		{38D1BE81-42B3-4C5B-8075-5DB6746F34B8}.Release|Any CPU.Build.0 = Release|Any CPU
	EndGlobalSection
	GlobalSection(SolutionProperties) = preSolution
		HideSolutionNode = FALSE
	EndGlobalSection
	GlobalSection(ExtensibilityGlobals) = postSolution
		SolutionGuid = {6A7D4C06-E153-4C20-9047-78A97ED8E6B9}
	EndGlobalSection
EndGlobal
